
Microsoft Visual Studio Solution File, Format Version 11.00
# Visual Studio 2010
Project("{FAE04EC0-301F-11D3-BF4B-00C04F79EFBC}") = "OctreeBaseSimplifiedMarchingCubes", "OctreeBaseSimplifiedMarchingCubes\OctreeBaseSimplifiedMarchingCubes.csproj", "{9A9C5C4D-85EB-487C-8280-99D4F33BC8B6}"
EndProject
Project("{FAE04EC0-301F-11D3-BF4B-00C04F79EFBC}") = "SimplifiedMarchingCubes", "SimplifiedMarchingCubes\SimplifiedMarchingCubes.csproj", "{B6E57FD3-AFC7-45BE-A741-FCE66489B5B2}"
EndProject
Project("{FAE04EC0-301F-11D3-BF4B-00C04F79EFBC}") = "MarchingCubes", "MarchingCubes\MarchingCubes.csproj", "{D829F706-306F-4F1C-8CFA-BE8B5A23903F}"
EndProject
Project("{FAE04EC0-301F-11D3-BF4B-00C04F79EFBC}") = "BaseClasses", "BaseClasses\BaseClasses.csproj", "{E29FF936-8E3C-47D3-A037-FC59AAD7BBD5}"
EndProject
Project("{FAE04EC0-301F-11D3-BF4B-00C04F79EFBC}") = "AllTest", "AllTest\AllTest.csproj", "{18B713BE-55AF-4B5C-B048-C07E487E4F82}"
EndProject
Project("{FAE04EC0-301F-11D3-BF4B-00C04F79EFBC}") = "ColoneTest", "ColoneTest\ColoneTest.csproj", "{B2CA36BD-D666-4A60-ACE2-7B947ACF93BD}"
EndProject
Project("{8BC9CEB8-8B4A-11D0-8D11-00A0C91BC942}") = "MarchingCubesCp", "MarchingCubesCp\MarchingCubesCp.vcxproj", "{525F0DD0-362F-4E9F-9591-4DA57B5E7DEE}"
EndProject
Project("{8BC9CEB8-8B4A-11D0-8D11-00A0C91BC942}") = "SimplifiedMarchingCubesCp", "SimplifiedMarchingCubesCp\SimplifiedMarchingCubesCp.vcxproj", "{485526FB-0EE4-48FB-ACDD-312E80E1FA7A}"
EndProject
Global
	GlobalSection(SolutionConfigurationPlatforms) = preSolution
		Debug|Any CPU = Debug|Any CPU
		Debug|Mixed Platforms = Debug|Mixed Platforms
		Debug|Win32 = Debug|Win32
		Debug|x86 = Debug|x86
		Release|Any CPU = Release|Any CPU
		Release|Mixed Platforms = Release|Mixed Platforms
		Release|Win32 = Release|Win32
		Release|x86 = Release|x86
	EndGlobalSection
	GlobalSection(ProjectConfigurationPlatforms) = postSolution
		{9A9C5C4D-85EB-487C-8280-99D4F33BC8B6}.Debug|Any CPU.ActiveCfg = Debug|x86
		{9A9C5C4D-85EB-487C-8280-99D4F33BC8B6}.Debug|Mixed Platforms.ActiveCfg = Debug|x86
		{9A9C5C4D-85EB-487C-8280-99D4F33BC8B6}.Debug|Mixed Platforms.Build.0 = Debug|x86
		{9A9C5C4D-85EB-487C-8280-99D4F33BC8B6}.Debug|Win32.ActiveCfg = Debug|x86
		{9A9C5C4D-85EB-487C-8280-99D4F33BC8B6}.Debug|x86.ActiveCfg = Debug|x86
		{9A9C5C4D-85EB-487C-8280-99D4F33BC8B6}.Debug|x86.Build.0 = Debug|x86
		{9A9C5C4D-85EB-487C-8280-99D4F33BC8B6}.Release|Any CPU.ActiveCfg = Release|x86
		{9A9C5C4D-85EB-487C-8280-99D4F33BC8B6}.Release|Mixed Platforms.ActiveCfg = Release|x86
		{9A9C5C4D-85EB-487C-8280-99D4F33BC8B6}.Release|Mixed Platforms.Build.0 = Release|x86
		{9A9C5C4D-85EB-487C-8280-99D4F33BC8B6}.Release|Win32.ActiveCfg = Release|x86
		{9A9C5C4D-85EB-487C-8280-99D4F33BC8B6}.Release|x86.ActiveCfg = Release|x86
		{9A9C5C4D-85EB-487C-8280-99D4F33BC8B6}.Release|x86.Build.0 = Release|x86
		{B6E57FD3-AFC7-45BE-A741-FCE66489B5B2}.Debug|Any CPU.ActiveCfg = Debug|x86
		{B6E57FD3-AFC7-45BE-A741-FCE66489B5B2}.Debug|Mixed Platforms.ActiveCfg = Debug|x86
		{B6E57FD3-AFC7-45BE-A741-FCE66489B5B2}.Debug|Mixed Platforms.Build.0 = Debug|x86
		{B6E57FD3-AFC7-45BE-A741-FCE66489B5B2}.Debug|Win32.ActiveCfg = Debug|x86
		{B6E57FD3-AFC7-45BE-A741-FCE66489B5B2}.Debug|x86.ActiveCfg = Debug|x86
		{B6E57FD3-AFC7-45BE-A741-FCE66489B5B2}.Debug|x86.Build.0 = Debug|x86
		{B6E57FD3-AFC7-45BE-A741-FCE66489B5B2}.Release|Any CPU.ActiveCfg = Release|x86
		{B6E57FD3-AFC7-45BE-A741-FCE66489B5B2}.Release|Mixed Platforms.ActiveCfg = Release|x86
		{B6E57FD3-AFC7-45BE-A741-FCE66489B5B2}.Release|Mixed Platforms.Build.0 = Release|x86
		{B6E57FD3-AFC7-45BE-A741-FCE66489B5B2}.Release|Win32.ActiveCfg = Release|x86
		{B6E57FD3-AFC7-45BE-A741-FCE66489B5B2}.Release|x86.ActiveCfg = Release|x86
		{B6E57FD3-AFC7-45BE-A741-FCE66489B5B2}.Release|x86.Build.0 = Release|x86
		{D829F706-306F-4F1C-8CFA-BE8B5A23903F}.Debug|Any CPU.ActiveCfg = Debug|x86
		{D829F706-306F-4F1C-8CFA-BE8B5A23903F}.Debug|Mixed Platforms.ActiveCfg = Debug|x86
		{D829F706-306F-4F1C-8CFA-BE8B5A23903F}.Debug|Mixed Platforms.Build.0 = Debug|x86
		{D829F706-306F-4F1C-8CFA-BE8B5A23903F}.Debug|Win32.ActiveCfg = Debug|x86
		{D829F706-306F-4F1C-8CFA-BE8B5A23903F}.Debug|x86.ActiveCfg = Debug|x86
		{D829F706-306F-4F1C-8CFA-BE8B5A23903F}.Debug|x86.Build.0 = Debug|x86
		{D829F706-306F-4F1C-8CFA-BE8B5A23903F}.Release|Any CPU.ActiveCfg = Release|x86
		{D829F706-306F-4F1C-8CFA-BE8B5A23903F}.Release|Mixed Platforms.ActiveCfg = Release|x86
		{D829F706-306F-4F1C-8CFA-BE8B5A23903F}.Release|Mixed Platforms.Build.0 = Release|x86
		{D829F706-306F-4F1C-8CFA-BE8B5A23903F}.Release|Win32.ActiveCfg = Release|x86
		{D829F706-306F-4F1C-8CFA-BE8B5A23903F}.Release|x86.ActiveCfg = Release|x86
		{D829F706-306F-4F1C-8CFA-BE8B5A23903F}.Release|x86.Build.0 = Release|x86
		{E29FF936-8E3C-47D3-A037-FC59AAD7BBD5}.Debug|Any CPU.ActiveCfg = Debug|Any CPU
		{E29FF936-8E3C-47D3-A037-FC59AAD7BBD5}.Debug|Any CPU.Build.0 = Debug|Any CPU
		{E29FF936-8E3C-47D3-A037-FC59AAD7BBD5}.Debug|Mixed Platforms.ActiveCfg = Debug|Any CPU
		{E29FF936-8E3C-47D3-A037-FC59AAD7BBD5}.Debug|Mixed Platforms.Build.0 = Debug|Any CPU
		{E29FF936-8E3C-47D3-A037-FC59AAD7BBD5}.Debug|Win32.ActiveCfg = Debug|Any CPU
		{E29FF936-8E3C-47D3-A037-FC59AAD7BBD5}.Debug|x86.ActiveCfg = Debug|Any CPU
		{E29FF936-8E3C-47D3-A037-FC59AAD7BBD5}.Release|Any CPU.ActiveCfg = Release|Any CPU
		{E29FF936-8E3C-47D3-A037-FC59AAD7BBD5}.Release|Any CPU.Build.0 = Release|Any CPU
		{E29FF936-8E3C-47D3-A037-FC59AAD7BBD5}.Release|Mixed Platforms.ActiveCfg = Release|Any CPU
		{E29FF936-8E3C-47D3-A037-FC59AAD7BBD5}.Release|Mixed Platforms.Build.0 = Release|Any CPU
		{E29FF936-8E3C-47D3-A037-FC59AAD7BBD5}.Release|Win32.ActiveCfg = Release|Any CPU
		{E29FF936-8E3C-47D3-A037-FC59AAD7BBD5}.Release|x86.ActiveCfg = Release|Any CPU
		{18B713BE-55AF-4B5C-B048-C07E487E4F82}.Debug|Any CPU.ActiveCfg = Debug|x86
		{18B713BE-55AF-4B5C-B048-C07E487E4F82}.Debug|Mixed Platforms.ActiveCfg = Debug|x86
		{18B713BE-55AF-4B5C-B048-C07E487E4F82}.Debug|Mixed Platforms.Build.0 = Debug|x86
		{18B713BE-55AF-4B5C-B048-C07E487E4F82}.Debug|Win32.ActiveCfg = Debug|x86
		{18B713BE-55AF-4B5C-B048-C07E487E4F82}.Debug|x86.ActiveCfg = Debug|x86
		{18B713BE-55AF-4B5C-B048-C07E487E4F82}.Debug|x86.Build.0 = Debug|x86
		{18B713BE-55AF-4B5C-B048-C07E487E4F82}.Release|Any CPU.ActiveCfg = Release|x86
		{18B713BE-55AF-4B5C-B048-C07E487E4F82}.Release|Mixed Platforms.ActiveCfg = Release|x86
		{18B713BE-55AF-4B5C-B048-C07E487E4F82}.Release|Mixed Platforms.Build.0 = Release|x86
		{18B713BE-55AF-4B5C-B048-C07E487E4F82}.Release|Win32.ActiveCfg = Release|x86
		{18B713BE-55AF-4B5C-B048-C07E487E4F82}.Release|x86.ActiveCfg = Release|x86
		{18B713BE-55AF-4B5C-B048-C07E487E4F82}.Release|x86.Build.0 = Release|x86
		{B2CA36BD-D666-4A60-ACE2-7B947ACF93BD}.Debug|Any CPU.ActiveCfg = Debug|x86
		{B2CA36BD-D666-4A60-ACE2-7B947ACF93BD}.Debug|Mixed Platforms.ActiveCfg = Debug|x86
		{B2CA36BD-D666-4A60-ACE2-7B947ACF93BD}.Debug|Mixed Platforms.Build.0 = Debug|x86
		{B2CA36BD-D666-4A60-ACE2-7B947ACF93BD}.Debug|Win32.ActiveCfg = Debug|x86
		{B2CA36BD-D666-4A60-ACE2-7B947ACF93BD}.Debug|x86.ActiveCfg = Debug|x86
		{B2CA36BD-D666-4A60-ACE2-7B947ACF93BD}.Debug|x86.Build.0 = Debug|x86
		{B2CA36BD-D666-4A60-ACE2-7B947ACF93BD}.Release|Any CPU.ActiveCfg = Release|x86
		{B2CA36BD-D666-4A60-ACE2-7B947ACF93BD}.Release|Mixed Platforms.ActiveCfg = Release|x86
		{B2CA36BD-D666-4A60-ACE2-7B947ACF93BD}.Release|Mixed Platforms.Build.0 = Release|x86
		{B2CA36BD-D666-4A60-ACE2-7B947ACF93BD}.Release|Win32.ActiveCfg = Release|x86
		{B2CA36BD-D666-4A60-ACE2-7B947ACF93BD}.Release|x86.ActiveCfg = Release|x86
		{B2CA36BD-D666-4A60-ACE2-7B947ACF93BD}.Release|x86.Build.0 = Release|x86
		{525F0DD0-362F-4E9F-9591-4DA57B5E7DEE}.Debug|Any CPU.ActiveCfg = Debug|Win32
		{525F0DD0-362F-4E9F-9591-4DA57B5E7DEE}.Debug|Mixed Platforms.ActiveCfg = Debug|Win32
		{525F0DD0-362F-4E9F-9591-4DA57B5E7DEE}.Debug|Mixed Platforms.Build.0 = Debug|Win32
		{525F0DD0-362F-4E9F-9591-4DA57B5E7DEE}.Debug|Win32.ActiveCfg = Debug|Win32
		{525F0DD0-362F-4E9F-9591-4DA57B5E7DEE}.Debug|Win32.Build.0 = Debug|Win32
		{525F0DD0-362F-4E9F-9591-4DA57B5E7DEE}.Debug|x86.ActiveCfg = Debug|Win32
		{525F0DD0-362F-4E9F-9591-4DA57B5E7DEE}.Release|Any CPU.ActiveCfg = Release|Win32
		{525F0DD0-362F-4E9F-9591-4DA57B5E7DEE}.Release|Mixed Platforms.ActiveCfg = Release|Win32
		{525F0DD0-362F-4E9F-9591-4DA57B5E7DEE}.Release|Mixed Platforms.Build.0 = Release|Win32
		{525F0DD0-362F-4E9F-9591-4DA57B5E7DEE}.Release|Win32.ActiveCfg = Release|Win32
		{525F0DD0-362F-4E9F-9591-4DA57B5E7DEE}.Release|Win32.Build.0 = Release|Win32
		{525F0DD0-362F-4E9F-9591-4DA57B5E7DEE}.Release|x86.ActiveCfg = Release|Win32
		{485526FB-0EE4-48FB-ACDD-312E80E1FA7A}.Debug|Any CPU.ActiveCfg = Debug|Win32
		{485526FB-0EE4-48FB-ACDD-312E80E1FA7A}.Debug|Mixed Platforms.ActiveCfg = Debug|Win32
		{485526FB-0EE4-48FB-ACDD-312E80E1FA7A}.Debug|Mixed Platforms.Build.0 = Debug|Win32
		{485526FB-0EE4-48FB-ACDD-312E80E1FA7A}.Debug|Win32.ActiveCfg = Debug|Win32
		{485526FB-0EE4-48FB-ACDD-312E80E1FA7A}.Debug|Win32.Build.0 = Debug|Win32
		{485526FB-0EE4-48FB-ACDD-312E80E1FA7A}.Debug|x86.ActiveCfg = Debug|Win32
		{485526FB-0EE4-48FB-ACDD-312E80E1FA7A}.Release|Any CPU.ActiveCfg = Release|Win32
		{485526FB-0EE4-48FB-ACDD-312E80E1FA7A}.Release|Mixed Platforms.ActiveCfg = Release|Win32
		{485526FB-0EE4-48FB-ACDD-312E80E1FA7A}.Release|Mixed Platforms.Build.0 = Release|Win32
		{485526FB-0EE4-48FB-ACDD-312E80E1FA7A}.Release|Win32.ActiveCfg = Release|Win32
		{485526FB-0EE4-48FB-ACDD-312E80E1FA7A}.Release|Win32.Build.0 = Release|Win32
		{485526FB-0EE4-48FB-ACDD-312E80E1FA7A}.Release|x86.ActiveCfg = Release|Win32
	EndGlobalSection
	GlobalSection(SolutionProperties) = preSolution
		HideSolutionNode = FALSE
	EndGlobalSection
EndGlobal
